{
  "name": "dagstuhl-roguelike",
  "lockfileVersion": 3,
  "requires": true,
  "packages": {
    "": {
      "dependencies": {
        "@wllama/wllama": "^1.12.0"
      }
    },
    "node_modules/@wllama/wllama": {
      "version": "1.12.0",
      "resolved": "https://registry.npmjs.org/@wllama/wllama/-/wllama-1.12.0.tgz",
      "integrity": "sha512-PQKEdzkPzK/b+bGzQAdiT6DwZpwvTCdVT8x+bswUUN6Yi+aI6XVEslM87QhtKSRK9vdhtAM246GFP9BU0S5pvA=="
    }
  }
}
